// !$*UTF8*$!
{
	archiveVersion = 1;
	classes = {
	};
	objectVersion = 77;
	objects = {

/* Begin PBXBuildFile section */
		C2EMBED012FB94B0100E62B1C /* DeadlinelyWidgetExtension.appex in Embed Foundation Extensions */ = {isa = PBXBuildFile; fileRef = C2WIDGETD2FB94B0100E62B1C /* DeadlinelyWidgetExtension.appex */; settings = {ATTRIBUTES = (RemoveHeadersOnCopy, ); }; };
		C2PKG0012FB94B0100E62B1C /* RevenueCat in Frameworks */ = {isa = PBXBuildFile; productRef = C2PKG0032FB94B0100E62B1C /* RevenueCat */; };
/* End PBXBuildFile section */

/* Begin PBXContainerItemProxy section */
		C2PROXY12FB94B0100E62B1C /* PBXContainerItemProxy */ = {
			isa = PBXContainerItemProxy;
			containerPortal = C238C6852FB94A2400E62B1C /* Project object */;
			proxyType = 1;
			remoteGlobalIDString = C2WIDGETC2FB94B0100E62B1C;
			remoteInfo = DeadlinelyWidgetExtension;
		};
/* End PBXContainerItemProxy section */

/* Begin PBXCopyFilesBuildPhase section */
		C2EMBEDPH2FB94B0100E62B1C /* Embed Foundation Extensions */ = {
			isa = PBXCopyFilesBuildPhase;
			buildActionMask = 2147483647;
			dstPath = "";
			dstSubfolderSpec = 13;
			files = (
				C2EMBED012FB94B0100E62B1C /* DeadlinelyWidgetExtension.appex in Embed Foundation Extensions */,
			);
			name = "Embed Foundation Extensions";
			runOnlyForDeploymentPostprocessing = 0;
		};
/* End PBXCopyFilesBuildPhase section */

/* Begin PBXFileReference section */
		C238C68D2FB94A2400E62B1C /* Deadlinely.app */ = {isa = PBXFileReference; explicitFileType = wrapper.application; includeInIndex = 0; path = Deadlinely.app; sourceTree = BUILT_PRODUCTS_DIR; };
		C2STOREK2FB94B0100E62B1C /* StoreKitConfiguration.storekit */ = {isa = PBXFileReference; lastKnownFileType = text; path = StoreKitConfiguration.storekit; sourceTree = "<group>"; };
		C2WIDGETD2FB94B0100E62B1C /* DeadlinelyWidgetExtension.appex */ = {isa = PBXFileReference; explicitFileType = "wrapper.app-extension"; includeInIndex = 0; path = DeadlinelyWidgetExtension.appex; sourceTree = BUILT_PRODUCTS_DIR; };
		C2XCCFGF2FB94B0100E62B1C /* Deadlinely.xcconfig */ = {isa = PBXFileReference; lastKnownFileType = text.xcconfig; name = Deadlinely.xcconfig; path = ../Config/Deadlinely.xcconfig; sourceTree = "<group>"; };
/* End PBXFileReference section */

/* Begin PBXFileSystemSynchronizedBuildFileExceptionSet section */
		C2EXCEPT12FB94B0100E62B1C /* Exceptions for "Deadlinely" folder in "Deadlinely" target */ = {
			isa = PBXFileSystemSynchronizedBuildFileExceptionSet;
			membershipExceptions = (
				Info.plist,
			);
			target = C238C68C2FB94A2400E62B1C /* Deadlinely */;
		};
		C2WIDGETEX2FB94B0100E62B1C /* Exceptions for "DeadlinelyWidget" folder in "DeadlinelyWidgetExtension" target */ = {
			isa = PBXFileSystemSynchronizedBuildFileExceptionSet;
			membershipExceptions = (
				Info.plist,
			);
			target = C2WIDGETC2FB94B0100E62B1C /* DeadlinelyWidgetExtension */;
		};
/* End PBXFileSystemSynchronizedBuildFileExceptionSet section */

/* Begin PBXFileSystemSynchronizedRootGroup section */
		C238C68F2FB94A2400E62B1C /* Deadlinely */ = {
			isa = PBXFileSystemSynchronizedRootGroup;
			exceptions = (
				C2EXCEPT12FB94B0100E62B1C /* Exceptions for "Deadlinely" folder in "Deadlinely" target */,
			);
			path = Deadlinely;
			sourceTree = "<group>";
		};
		C2WIDGETF2FB94B0100E62B1C /* DeadlinelyWidget */ = {
			isa = PBXFileSystemSynchronizedRootGroup;
			exceptions = (
				C2WIDGETEX2FB94B0100E62B1C /* Exceptions for "DeadlinelyWidget" folder in "DeadlinelyWidgetExtension" target */,
			);
			path = DeadlinelyWidget;
			sourceTree = "<group>";
		};
/* End PBXFileSystemSynchronizedRootGroup section */

/* Begin PBXFrameworksBuildPhase section */
		C238C68A2FB94A2400E62B1C /* Frameworks */ = {
			isa = PBXFrameworksBuildPhase;
			buildActionMask = 2147483647;
			files = (
				C2PKG0012FB94B0100E62B1C /* RevenueCat in Frameworks */,
			);
			runOnlyForDeploymentPostprocessing = 0;
		};
		C2WIDGETA2FB94B0100E62B1C /* Frameworks */ = {
			isa = PBXFrameworksBuildPhase;
			buildActionMask = 2147483647;
			files = (
			);
			runOnlyForDeploymentPostprocessing = 0;
		};
/* End PBXFrameworksBuildPhase section */

/* Begin PBXGroup section */
		C238C6842FB94A2400E62B1C = {
			isa = PBXGroup;
			children = (
				C2XCCFGF2FB94B0100E62B1C /* Deadlinely.xcconfig */,
				C2STOREK2FB94B0100E62B1C /* StoreKitConfiguration.storekit */,
				C238C68F2FB94A2400E62B1C /* Deadlinely */,
				C2WIDGETF2FB94B0100E62B1C /* DeadlinelyWidget */,
				C238C68E2FB94A2400E62B1C /* Products */,
			);
			sourceTree = "<group>";
		};
		C238C68E2FB94A2400E62B1C /* Products */ = {
			isa = PBXGroup;
			children = (
				C238C68D2FB94A2400E62B1C /* Deadlinely.app */,
				C2WIDGETD2FB94B0100E62B1C /* DeadlinelyWidgetExtension.appex */,
			);
			name = Products;
			sourceTree = "<group>";
		};
/* End PBXGroup section */

/* Begin PBXNativeTarget section */
		C238C68C2FB94A2400E62B1C /* Deadlinely */ = {
			isa = PBXNativeTarget;
			buildConfigurationList = C238C6982FB94A2600E62B1C /* Build configuration list for PBXNativeTarget "Deadlinely" */;
			buildPhases = (
				C238C6892FB94A2400E62B1C /* Sources */,
				C238C68A2FB94A2400E62B1C /* Frameworks */,
				C238C68B2FB94A2400E62B1C /* Resources */,
				C2EMBEDPH2FB94B0100E62B1C /* Embed Foundation Extensions */,
			);
			buildRules = (
			);
			dependencies = (
				C2DEP0012FB94B0100E62B1C /* PBXTargetDependency */,
			);
			fileSystemSynchronizedGroups = (
				C238C68F2FB94A2400E62B1C /* Deadlinely */,
			);
			name = Deadlinely;
			packageProductDependencies = (
				C2PKG0032FB94B0100E62B1C /* RevenueCat */,
			);
			productName = Deadlinely;
			productReference = C238C68D2FB94A2400E62B1C /* Deadlinely.app */;
			productType = "com.apple.product-type.application";
		};
		C2WIDGETC2FB94B0100E62B1C /* DeadlinelyWidgetExtension */ = {
			isa = PBXNativeTarget;
			buildConfigurationList = C2WIDGETB2FB94B0100E62B1C /* Build configuration list for PBXNativeTarget "DeadlinelyWidgetExtension" */;
			buildPhases = (
				C2WIDGET92FB94B0100E62B1C /* Sources */,
				C2WIDGETA2FB94B0100E62B1C /* Frameworks */,
				C2WIDGET82FB94B0100E62B1C /* Resources */,
			);
			buildRules = (
			);
			dependencies = (
			);
			fileSystemSynchronizedGroups = (
				C2WIDGETF2FB94B0100E62B1C /* DeadlinelyWidget */,
			);
			name = DeadlinelyWidgetExtension;
			productName = DeadlinelyWidgetExtension;
			productReference = C2WIDGETD2FB94B0100E62B1C /* DeadlinelyWidgetExtension.appex */;
			productType = "com.apple.product-type.app-extension";
		};
/* End PBXNativeTarget section */

/* Begin PBXProject section */
		C238C6852FB94A2400E62B1C /* Project object */ = {
			isa = PBXProject;
			attributes = {
				BuildIndependentTargetsInParallel = 1;
				LastSwiftUpdateCheck = 2620;
				LastUpgradeCheck = 2620;
				TargetAttributes = {
					C238C68C2FB94A2400E62B1C = {
						CreatedOnToolsVersion = 26.2;
					};
					C2WIDGETC2FB94B0100E62B1C = {
						CreatedOnToolsVersion = 26.2;
					};
				};
			};
			buildConfigurationList = C238C6882FB94A2400E62B1C /* Build configuration list for PBXProject "Deadlinely" */;
			developmentRegion = en;
			hasScannedForEncodings = 0;
			knownRegions = (
				en,
				Base,
			);
			mainGroup = C238C6842FB94A2400E62B1C;
			minimizedProjectReferenceProxies = 1;
			packageReferences = (
				C2PKG0022FB94B0100E62B1C /* XCRemoteSwiftPackageReference "purchases-ios" */,
			);
			preferredProjectObjectVersion = 77;
			productRefGroup = C238C68E2FB94A2400E62B1C /* Products */;
			projectDirPath = "";
			projectRoot = "";
			targets = (
				C238C68C2FB94A2400E62B1C /* Deadlinely */,
				C2WIDGETC2FB94B0100E62B1C /* DeadlinelyWidgetExtension */,
			);
		};
/* End PBXProject section */

/* Begin PBXResourcesBuildPhase section */
		C238C68B2FB94A2400E62B1C /* Resources */ = {
			isa = PBXResourcesBuildPhase;
			buildActionMask = 2147483647;
			files = (
			);
			runOnlyForDeploymentPostprocessing = 0;
		};
		C2WIDGET82FB94B0100E62B1C /* Resources */ = {
			isa = PBXResourcesBuildPhase;
			buildActionMask = 2147483647;
			files = (
			);
			runOnlyForDeploymentPostprocessing = 0;
		};
/* End PBXResourcesBuildPhase section */

/* Begin PBXSourcesBuildPhase section */
		C238C6892FB94A2400E62B1C /* Sources */ = {
			isa = PBXSourcesBuildPhase;
			buildActionMask = 2147483647;
			files = (
			);
			runOnlyForDeploymentPostprocessing = 0;
		};
		C2WIDGET92FB94B0100E62B1C /* Sources */ = {
			isa = PBXSourcesBuildPhase;
			buildActionMask = 2147483647;
			files = (
			);
			runOnlyForDeploymentPostprocessing = 0;
		};
/* End PBXSourcesBuildPhase section */

/* Begin PBXTargetDependency section */
		C2DEP0012FB94B0100E62B1C /* PBXTargetDependency */ = {
			isa = PBXTargetDependency;
			target = C2WIDGETC2FB94B0100E62B1C /* DeadlinelyWidgetExtension */;
			targetProxy = C2PROXY12FB94B0100E62B1C /* PBXContainerItemProxy */;
		};
/* End PBXTargetDependency section */

/* Begin XCBuildConfiguration section */
		C238C6962FB94A2600E62B1C /* Debug */ = {
			isa = XCBuildConfiguration;
			baseConfigurationReference = C2XCCFGF2FB94B0100E62B1C /* Deadlinely.xcconfig */;
			buildSettings = {
				ALWAYS_SEARCH_USER_PATHS = NO;
				ASSETCATALOG_COMPILER_GENERATE_SWIFT_ASSET_SYMBOL_EXTENSIONS = YES;
				CLANG_ANALYZER_NONNULL = YES;
				CLANG_ANALYZER_NUMBER_OBJECT_CONVERSION = YES_AGGRESSIVE;
				CLANG_CXX_LANGUAGE_STANDARD = "gnu++20";
				CLANG_ENABLE_MODULES = YES;
				CLANG_ENABLE_OBJC_ARC = YES;
				CLANG_ENABLE_OBJC_WEAK = YES;
				CLANG_WARN_BLOCK_CAPTURE_AUTORELEASING = YES;
				CLANG_WARN_BOOL_CONVERSION = YES;
				CLANG_WARN_COMMA = YES;
				CLANG_WARN_CONSTANT_CONVERSION = YES;
				CLANG_WARN_DEPRECATED_OBJC_IMPLEMENTATIONS = YES;
				CLANG_WARN_DIRECT_OBJC_ISA_USAGE = YES_ERROR;
				CLANG_WARN_DOCUMENTATION_COMMENTS = YES;
				CLANG_WARN_EMPTY_BODY = YES;
				CLANG_WARN_ENUM_CONVERSION = YES;
				CLANG_WARN_INFINITE_RECURSION = YES;
				CLANG_WARN_INT_CONVERSION = YES;
				CLANG_WARN_NON_LITERAL_NULL_CONVERSION = YES;
				CLANG_WARN_OBJC_IMPLICIT_RETAIN_SELF = YES;
				CLANG_WARN_OBJC_LITERAL_CONVERSION = YES;
				CLANG_WARN_OBJC_ROOT_CLASS = YES_ERROR;
				CLANG_WARN_QUOTED_INCLUDE_IN_FRAMEWORK_HEADER = YES;
				CLANG_WARN_RANGE_LOOP_ANALYSIS = YES;
				CLANG_WARN_STRICT_PROTOTYPES = YES;
				CLANG_WARN_SUSPICIOUS_MOVE = YES;
				CLANG_WARN_UNGUARDED_AVAILABILITY = YES_AGGRESSIVE;
				CLANG_WARN_UNREACHABLE_CODE = YES;
				CLANG_WARN__DUPLICATE_METHOD_MATCH = YES;
				COPY_PHASE_STRIP = NO;
				DEBUG_INFORMATION_FORMAT = dwarf;
				DEVELOPMENT_TEAM = G7L4959826;
				ENABLE_STRICT_OBJC_MSGSEND = YES;
				ENABLE_TESTABILITY = YES;
				ENABLE_USER_SCRIPT_SANDBOXING = YES;
				GCC_C_LANGUAGE_STANDARD = gnu17;
				GCC_DYNAMIC_NO_PIC = NO;
				GCC_NO_COMMON_BLOCKS = YES;
				GCC_OPTIMIZATION_LEVEL = 0;
				GCC_PREPROCESSOR_DEFINITIONS = (
					"DEBUG=1",
					"$(inherited)",
				);
				GCC_WARN_64_TO_32_BIT_CONVERSION = YES;
				GCC_WARN_ABOUT_RETURN_TYPE = YES_ERROR;
				GCC_WARN_UNDECLARED_SELECTOR = YES;
				GCC_WARN_UNINITIALIZED_AUTOS = YES_AGGRESSIVE;
				GCC_WARN_UNUSED_FUNCTION = YES;
				GCC_WARN_UNUSED_VARIABLE = YES;
				IPHONEOS_DEPLOYMENT_TARGET = 18.0;
				LOCALIZATION_PREFERS_STRING_CATALOGS = YES;
				MTL_ENABLE_DEBUG_INFO = INCLUDE_SOURCE;
				MTL_FAST_MATH = YES;
				ONLY_ACTIVE_ARCH = YES;
				SDKROOT = iphoneos;
				SWIFT_ACTIVE_COMPILATION_CONDITIONS = "DEBUG $(inherited)";
				SWIFT_OPTIMIZATION_LEVEL = "-Onone";
			};
			name = Debug;
		};
		C238C6972FB94A2600E62B1C /* Release */ = {
			isa = XCBuildConfiguration;
			baseConfigurationReference = C2XCCFGF2FB94B0100E62B1C /* Deadlinely.xcconfig */;
			buildSettings = {
				ALWAYS_SEARCH_USER_PATHS = NO;
				ASSETCATALOG_COMPILER_GENERATE_SWIFT_ASSET_SYMBOL_EXTENSIONS = YES;
				CLANG_ANALYZER_NONNULL = YES;
				CLANG_ANALYZER_NUMBER_OBJECT_CONVERSION = YES_AGGRESSIVE;
				CLANG_CXX_LANGUAGE_STANDARD = "gnu++20";
				CLANG_ENABLE_MODULES = YES;
				CLANG_ENABLE_OBJC_ARC = YES;
				CLANG_ENABLE_OBJC_WEAK = YES;
				CLANG_WARN_BLOCK_CAPTURE_AUTORELEASING = YES;
				CLANG_WARN_BOOL_CONVERSION = YES;
				CLANG_WARN_COMMA = YES;
				CLANG_WARN_CONSTANT_CONVERSION = YES;
				CLANG_WARN_DEPRECATED_OBJC_IMPLEMENTATIONS = YES;
				CLANG_WARN_DIRECT_OBJC_ISA_USAGE = YES_ERROR;
				CLANG_WARN_DOCUMENTATION_COMMENTS = YES;
				CLANG_WARN_EMPTY_BODY = YES;
				CLANG_WARN_ENUM_CONVERSION = YES;
				CLANG_WARN_INFINITE_RECURSION = YES;
				CLANG_WARN_INT_CONVERSION = YES;
				CLANG_WARN_NON_LITERAL_NULL_CONVERSION = YES;
				CLANG_WARN_OBJC_IMPLICIT_RETAIN_SELF = YES;
				CLANG_WARN_OBJC_LITERAL_CONVERSION = YES;
				CLANG_WARN_OBJC_ROOT_CLASS = YES_ERROR;
				CLANG_WARN_QUOTED_INCLUDE_IN_FRAMEWORK_HEADER = YES;
				CLANG_WARN_RANGE_LOOP_ANALYSIS = YES;
				CLANG_WARN_STRICT_PROTOTYPES = YES;
				CLANG_WARN_SUSPICIOUS_MOVE = YES;
				CLANG_WARN_UNGUARDED_AVAILABILITY = YES_AGGRESSIVE;
				CLANG_WARN_UNREACHABLE_CODE = YES;
				CLANG_WARN__DUPLICATE_METHOD_MATCH = YES;
				COPY_PHASE_STRIP = NO;
				DEBUG_INFORMATION_FORMAT = "dwarf-with-dsym";
				DEVELOPMENT_TEAM = G7L4959826;
				ENABLE_NS_ASSERTIONS = NO;
				ENABLE_STRICT_OBJC_MSGSEND = YES;
				ENABLE_USER_SCRIPT_SANDBOXING = YES;
				GCC_C_LANGUAGE_STANDARD = gnu17;
				GCC_NO_COMMON_BLOCKS = YES;
				GCC_WARN_64_TO_32_BIT_CONVERSION = YES;
				GCC_WARN_ABOUT_RETURN_TYPE = YES_ERROR;
				GCC_WARN_UNDECLARED_SELECTOR = YES;
				GCC_WARN_UNINITIALIZED_AUTOS = YES_AGGRESSIVE;
				GCC_WARN_UNUSED_FUNCTION = YES;
				GCC_WARN_UNUSED_VARIABLE = YES;
				IPHONEOS_DEPLOYMENT_TARGET = 18.0;
				LOCALIZATION_PREFERS_STRING_CATALOGS = YES;
				MTL_ENABLE_DEBUG_INFO = NO;
				MTL_FAST_MATH = YES;
				SDKROOT = iphoneos;
				SWIFT_COMPILATION_MODE = wholemodule;
				VALIDATE_PRODUCT = YES;
			};
			name = Release;
		};
		C238C6992FB94A2600E62B1C /* Debug */ = {
			isa = XCBuildConfiguration;
			buildSettings = {
				ASSETCATALOG_COMPILER_APPICON_NAME = AppIcon;
				ASSETCATALOG_COMPILER_GLOBAL_ACCENT_COLOR_NAME = AccentColor;
				CODE_SIGN_ENTITLEMENTS = Deadlinely/Deadlinely.entitlements;
				CODE_SIGN_STYLE = Automatic;
				CURRENT_PROJECT_VERSION = 1;
				DEVELOPMENT_TEAM = G7L4959826;
				ENABLE_PREVIEWS = YES;
				GENERATE_INFOPLIST_FILE = YES;
				INFOPLIST_FILE = Deadlinely/Info.plist;
				INFOPLIST_KEY_CFBundleDisplayName = Deadlinely;
				INFOPLIST_KEY_NSUserNotificationsUsageDescription = "Deadlinely sends gentle reminders before your deadlines.";
				INFOPLIST_KEY_UIApplicationSceneManifest_Generation = YES;
				INFOPLIST_KEY_UIApplicationSupportsIndirectInputEvents = YES;
				INFOPLIST_KEY_UILaunchScreen_Generation = YES;
				INFOPLIST_KEY_UISupportedInterfaceOrientations_iPad = "UIInterfaceOrientationPortrait UIInterfaceOrientationPortraitUpsideDown UIInterfaceOrientationLandscapeLeft UIInterfaceOrientationLandscapeRight";
				INFOPLIST_KEY_UISupportedInterfaceOrientations_iPhone = "UIInterfaceOrientationPortrait UIInterfaceOrientationLandscapeLeft UIInterfaceOrientationLandscapeRight";
				LD_RUNPATH_SEARCH_PATHS = (
					"$(inherited)",
					"@executable_path/Frameworks",
				);
				MARKETING_VERSION = 1.0;
				PRODUCT_BUNDLE_IDENTIFIER = Deadlinely.Deadlinely;
				PRODUCT_NAME = "$(TARGET_NAME)";
				STRING_CATALOG_GENERATE_SYMBOLS = YES;
				SWIFT_APPROACHABLE_CONCURRENCY = YES;
				SWIFT_DEFAULT_ACTOR_ISOLATION = MainActor;
				SWIFT_EMIT_LOC_STRINGS = YES;
				SWIFT_UPCOMING_FEATURE_MEMBER_IMPORT_VISIBILITY = YES;
				SWIFT_VERSION = 5.0;
				TARGETED_DEVICE_FAMILY = "1,2";
			};
			name = Debug;
		};
		C238C69A2FB94A2600E62B1C /* Release */ = {
			isa = XCBuildConfiguration;
			buildSettings = {
				ASSETCATALOG_COMPILER_APPICON_NAME = AppIcon;
				ASSETCATALOG_COMPILER_GLOBAL_ACCENT_COLOR_NAME = AccentColor;
				CODE_SIGN_ENTITLEMENTS = Deadlinely/Deadlinely.entitlements;
				CODE_SIGN_STYLE = Automatic;
				CURRENT_PROJECT_VERSION = 1;
				DEVELOPMENT_TEAM = G7L4959826;
				ENABLE_PREVIEWS = YES;
				GENERATE_INFOPLIST_FILE = YES;
				INFOPLIST_FILE = Deadlinely/Info.plist;
				INFOPLIST_KEY_CFBundleDisplayName = Deadlinely;
				INFOPLIST_KEY_NSUserNotificationsUsageDescription = "Deadlinely sends gentle reminders before your deadlines.";
				INFOPLIST_KEY_UIApplicationSceneManifest_Generation = YES;
				INFOPLIST_KEY_UIApplicationSupportsIndirectInputEvents = YES;
				INFOPLIST_KEY_UILaunchScreen_Generation = YES;
				INFOPLIST_KEY_UISupportedInterfaceOrientations_iPad = "UIInterfaceOrientationPortrait UIInterfaceOrientationPortraitUpsideDown UIInterfaceOrientationLandscapeLeft UIInterfaceOrientationLandscapeRight";
				INFOPLIST_KEY_UISupportedInterfaceOrientations_iPhone = "UIInterfaceOrientationPortrait UIInterfaceOrientationLandscapeLeft UIInterfaceOrientationLandscapeRight";
				LD_RUNPATH_SEARCH_PATHS = (
					"$(inherited)",
					"@executable_path/Frameworks",
				);
				MARKETING_VERSION = 1.0;
				PRODUCT_BUNDLE_IDENTIFIER = Deadlinely.Deadlinely;
				PRODUCT_NAME = "$(TARGET_NAME)";
				STRING_CATALOG_GENERATE_SYMBOLS = YES;
				SWIFT_APPROACHABLE_CONCURRENCY = YES;
				SWIFT_DEFAULT_ACTOR_ISOLATION = MainActor;
				SWIFT_EMIT_LOC_STRINGS = YES;
				SWIFT_UPCOMING_FEATURE_MEMBER_IMPORT_VISIBILITY = YES;
				SWIFT_VERSION = 5.0;
				TARGETED_DEVICE_FAMILY = "1,2";
			};
			name = Release;
		};
		C2WIDGET62FB94B0100E62B1C /* Release */ = {
			isa = XCBuildConfiguration;
			buildSettings = {
				CODE_SIGN_ENTITLEMENTS = DeadlinelyWidget/DeadlinelyWidget.entitlements;
				CODE_SIGN_STYLE = Automatic;
				CURRENT_PROJECT_VERSION = 1;
				DEVELOPMENT_TEAM = G7L4959826;
				GENERATE_INFOPLIST_FILE = YES;
				INFOPLIST_FILE = DeadlinelyWidget/Info.plist;
				INFOPLIST_KEY_CFBundleDisplayName = Deadlinely;
				INFOPLIST_KEY_NSExtension_NSExtensionPointIdentifier = "com.apple.widgetkit-extension";
				INFOPLIST_KEY_NSHumanReadableCopyright = "";
				IPHONEOS_DEPLOYMENT_TARGET = 18.0;
				LD_RUNPATH_SEARCH_PATHS = (
					"$(inherited)",
					"@executable_path/Frameworks",
					"@executable_path/../../Frameworks",
				);
				MARKETING_VERSION = 1.0;
				PRODUCT_BUNDLE_IDENTIFIER = Deadlinely.Deadlinely.DeadlinelyWidget;
				PRODUCT_NAME = "$(TARGET_NAME)";
				SKIP_INSTALL = YES;
				SWIFT_EMIT_LOC_STRINGS = YES;
				SWIFT_VERSION = 5.0;
				TARGETED_DEVICE_FAMILY = "1,2";
			};
			name = Release;
		};
		C2WIDGET72FB94B0100E62B1C /* Debug */ = {
			isa = XCBuildConfiguration;
			buildSettings = {
				CODE_SIGN_ENTITLEMENTS = DeadlinelyWidget/DeadlinelyWidget.entitlements;
				CODE_SIGN_STYLE = Automatic;
				CURRENT_PROJECT_VERSION = 1;
				DEVELOPMENT_TEAM = G7L4959826;
				GENERATE_INFOPLIST_FILE = YES;
				INFOPLIST_FILE = DeadlinelyWidget/Info.plist;
				INFOPLIST_KEY_CFBundleDisplayName = Deadlinely;
				INFOPLIST_KEY_NSExtension_NSExtensionPointIdentifier = "com.apple.widgetkit-extension";
				INFOPLIST_KEY_NSHumanReadableCopyright = "";
				IPHONEOS_DEPLOYMENT_TARGET = 18.0;
				LD_RUNPATH_SEARCH_PATHS = (
					"$(inherited)",
					"@executable_path/Frameworks",
					"@executable_path/../../Frameworks",
				);
				MARKETING_VERSION = 1.0;
				PRODUCT_BUNDLE_IDENTIFIER = Deadlinely.Deadlinely.DeadlinelyWidget;
				PRODUCT_NAME = "$(TARGET_NAME)";
				SKIP_INSTALL = YES;
				SWIFT_EMIT_LOC_STRINGS = YES;
				SWIFT_VERSION = 5.0;
				TARGETED_DEVICE_FAMILY = "1,2";
			};
			name = Debug;
		};
/* End XCBuildConfiguration section */

/* Begin XCConfigurationList section */
		C238C6882FB94A2400E62B1C /* Build configuration list for PBXProject "Deadlinely" */ = {
			isa = XCConfigurationList;
			buildConfigurations = (
				C238C6962FB94A2600E62B1C /* Debug */,
				C238C6972FB94A2600E62B1C /* Release */,
			);
			defaultConfigurationIsVisible = 0;
			defaultConfigurationName = Release;
		};
		C238C6982FB94A2600E62B1C /* Build configuration list for PBXNativeTarget "Deadlinely" */ = {
			isa = XCConfigurationList;
			buildConfigurations = (
				C238C6992FB94A2600E62B1C /* Debug */,
				C238C69A2FB94A2600E62B1C /* Release */,
			);
			defaultConfigurationIsVisible = 0;
			defaultConfigurationName = Release;
		};
		C2WIDGETB2FB94B0100E62B1C /* Build configuration list for PBXNativeTarget "DeadlinelyWidgetExtension" */ = {
			isa = XCConfigurationList;
			buildConfigurations = (
				C2WIDGET72FB94B0100E62B1C /* Debug */,
				C2WIDGET62FB94B0100E62B1C /* Release */,
			);
			defaultConfigurationIsVisible = 0;
			defaultConfigurationName = Release;
		};
/* End XCConfigurationList section */

/* Begin XCRemoteSwiftPackageReference section */
		C2PKG0022FB94B0100E62B1C /* XCRemoteSwiftPackageReference "purchases-ios" */ = {
			isa = XCRemoteSwiftPackageReference;
			repositoryURL = "https://github.com/RevenueCat/purchases-ios";
			requirement = {
				kind = upToNextMajorVersion;
				minimumVersion = 5.0.0;
			};
		};
/* End XCRemoteSwiftPackageReference section */

/* Begin XCSwiftPackageProductDependency section */
		C2PKG0032FB94B0100E62B1C /* RevenueCat */ = {
			isa = XCSwiftPackageProductDependency;
			package = C2PKG0022FB94B0100E62B1C /* XCRemoteSwiftPackageReference "purchases-ios" */;
			productName = RevenueCat;
		};
/* End XCSwiftPackageProductDependency section */
	};
	rootObject = C238C6852FB94A2400E62B1C /* Project object */;
}
